
Microsoft Visual Studio Solution File, Format Version 12.00
# Visual Studio Version 17
VisualStudioVersion = 17.10.35004.147
MinimumVisualStudioVersion = 10.0.40219.1
Project("{FAE04EC0-301F-11D3-BF4B-00C04F79EFBC}") = "ED1_BT2_PTB1", "ED1_BT2_PTB1\ED1_BT2_PTB1.csproj", "{87DD22C2-4CB6-4868-BAAD-AF27E124B955}"
EndProject
Global
	GlobalSection(SolutionConfigurationPlatforms) = preSolution
		Debug|Any CPU = Debug|Any CPU
		Release|Any CPU = Release|Any CPU
	EndGlobalSection
	GlobalSection(ProjectConfigurationPlatforms) = postSolution
		{87DD22C2-4CB6-4868-BAAD-AF27E124B955}.Debug|Any CPU.ActiveCfg = Debug|Any CPU
		{87DD22C2-4CB6-4868-BAAD-AF27E124B955}.Debug|Any CPU.Build.0 = Debug|Any CPU
		{87DD22C2-4CB6-4868-BAAD-AF27E124B955}.Release|Any CPU.ActiveCfg = Release|Any CPU
		{87DD22C2-4CB6-4868-BAAD-AF27E124B955}.Release|Any CPU.Build.0 = Release|Any CPU
	EndGlobalSection
	GlobalSection(SolutionProperties) = preSolution
		HideSolutionNode = FALSE
	EndGlobalSection
	GlobalSection(ExtensibilityGlobals) = postSolution
		SolutionGuid = {97CD9D11-B198-4C08-A161-502284535226}
	EndGlobalSection
EndGlobal
