
Microsoft Visual Studio Solution File, Format Version 12.00
# Visual Studio Version 17
VisualStudioVersion = 17.10.35004.147
MinimumVisualStudioVersion = 10.0.40219.1
Project("{FAE04EC0-301F-11D3-BF4B-00C04F79EFBC}") = "ED1_BT2_PTB2", "ED1_BT2_PTB2\ED1_BT2_PTB2.csproj", "{27BC5076-5C44-4663-ABCC-E4442A3F9477}"
EndProject
Global
	GlobalSection(SolutionConfigurationPlatforms) = preSolution
		Debug|Any CPU = Debug|Any CPU
		Release|Any CPU = Release|Any CPU
	EndGlobalSection
	GlobalSection(ProjectConfigurationPlatforms) = postSolution
		{27BC5076-5C44-4663-ABCC-E4442A3F9477}.Debug|Any CPU.ActiveCfg = Debug|Any CPU
		{27BC5076-5C44-4663-ABCC-E4442A3F9477}.Debug|Any CPU.Build.0 = Debug|Any CPU
		{27BC5076-5C44-4663-ABCC-E4442A3F9477}.Release|Any CPU.ActiveCfg = Release|Any CPU
		{27BC5076-5C44-4663-ABCC-E4442A3F9477}.Release|Any CPU.Build.0 = Release|Any CPU
	EndGlobalSection
	GlobalSection(SolutionProperties) = preSolution
		HideSolutionNode = FALSE
	EndGlobalSection
	GlobalSection(ExtensibilityGlobals) = postSolution
		SolutionGuid = {ED8C91EF-6F20-4EE8-AE88-3D137446F459}
	EndGlobalSection
EndGlobal
